{
  "version": 4,
  "terraform_version": "1.9.5",
  "serial": 423,
  "lineage": "b0a5073e-edfd-90ed-0a76-7a57a97ea168",
  "outputs": {
    "alb_dns_name": {
      "value": "application-load-balancer-141725555.us-east-1.elb.amazonaws.com",
      "type": "string"
    },
    "private_subnet_id": {
      "value": "subnet-07588dd2fa0fa290d",
      "type": "string"
    },
    "private_subnet_id_2": {
      "value": "subnet-0c13bb64185f55a04",
      "type": "string"
    },
    "private_subnet_id_3": {
      "value": "subnet-0b459461508569ab8",
      "type": "string"
    },
    "public_subnet_id": {
      "value": "subnet-07f7f10c9c0dd12b2",
      "type": "string"
    },
    "vpc_id": {
      "value": "vpc-04c143d2ad65ab896",
      "type": "string"
    }
  },
  "resources": [
    {
      "mode": "managed",
      "type": "aws_internet_gateway",
      "name": "igw",
      "provider": "provider[\"registry.terraform.io/hashicorp/aws\"]",
      "instances": [
        {
          "status": "tainted",
          "schema_version": 0,
          "attributes": {
            "arn": "arn:aws:ec2:us-east-1:383376523323:internet-gateway/igw-0af54ea90633cd355",
            "id": "igw-0af54ea90633cd355",
            "owner_id": "383376523323",
            "tags": {
              "Name": "main-igw"
            },
            "tags_all": {
              "Name": "main-igw"
            },
            "timeouts": null,
            "vpc_id": "vpc-04c143d2ad65ab896"
          },
          "sensitive_attributes": [],
          "private": "eyJlMmJmYjczMC1lY2FhLTExZTYtOGY4OC0zNDM2M2JjN2M0YzAiOnsiY3JlYXRlIjoxMjAwMDAwMDAwMDAwLCJkZWxldGUiOjEyMDAwMDAwMDAwMDAsInVwZGF0ZSI6MTIwMDAwMDAwMDAwMH19",
          "dependencies": [
            "aws_vpc.main"
          ]
        }
      ]
    },
    {
      "mode": "managed",
      "type": "aws_kms_alias",
      "name": "ebs_key_alias",
      "provider": "provider[\"registry.terraform.io/hashicorp/aws\"]",
      "instances": [
        {
          "schema_version": 0,
          "attributes": {
            "arn": "arn:aws:kms:us-east-1:383376523323:alias/ebs-key-alias",
            "id": "alias/ebs-key-alias",
            "name": "alias/ebs-key-alias",
            "name_prefix": "",
            "target_key_arn": "arn:aws:kms:us-east-1:383376523323:key/07a67dc8-094a-409f-b9e5-741b36213f92",
            "target_key_id": "07a67dc8-094a-409f-b9e5-741b36213f92"
          },
          "sensitive_attributes": [],
          "private": "bnVsbA==",
          "dependencies": [
            "aws_kms_key.ebs_key"
          ]
        }
      ]
    },
    {
      "mode": "managed",
      "type": "aws_kms_key",
      "name": "ebs_key",
      "provider": "provider[\"registry.terraform.io/hashicorp/aws\"]",
      "instances": [
        {
          "schema_version": 0,
          "attributes": {
            "arn": "arn:aws:kms:us-east-1:383376523323:key/07a67dc8-094a-409f-b9e5-741b36213f92",
            "bypass_policy_lockout_safety_check": false,
            "custom_key_store_id": "",
            "customer_master_key_spec": "SYMMETRIC_DEFAULT",
            "deletion_window_in_days": 30,
            "description": "KMS key for encrypting EBS volumes",
            "enable_key_rotation": false,
            "id": "07a67dc8-094a-409f-b9e5-741b36213f92",
            "is_enabled": true,
            "key_id": "07a67dc8-094a-409f-b9e5-741b36213f92",
            "key_usage": "ENCRYPT_DECRYPT",
            "multi_region": false,
            "policy": "{\"Id\":\"key-default-1\",\"Statement\":[{\"Action\":\"kms:*\",\"Effect\":\"Allow\",\"Principal\":{\"AWS\":\"arn:aws:iam::383376523323:root\"},\"Resource\":\"*\",\"Sid\":\"Enable IAM User Permissions\"}],\"Version\":\"2012-10-17\"}",
            "rotation_period_in_days": 0,
            "tags": {
              "Environment": "Production",
              "Name": "ebs-key"
            },
            "tags_all": {
              "Environment": "Production",
              "Name": "ebs-key"
            },
            "timeouts": null,
            "xks_key_id": ""
          },
          "sensitive_attributes": [],
          "private": "eyJlMmJmYjczMC1lY2FhLTExZTYtOGY4OC0zNDM2M2JjN2M0YzAiOnsiY3JlYXRlIjoxMjAwMDAwMDAwMDB9fQ=="
        }
      ]
    },
    {
      "mode": "managed",
      "type": "aws_subnet",
      "name": "subnet1",
      "provider": "provider[\"registry.terraform.io/hashicorp/aws\"]",
      "instances": [
        {
          "status": "tainted",
          "schema_version": 1,
          "attributes": {
            "arn": "arn:aws:ec2:us-east-1:383376523323:subnet/subnet-07f7f10c9c0dd12b2",
            "assign_ipv6_address_on_creation": false,
            "availability_zone": "us-east-1a",
            "availability_zone_id": "use1-az4",
            "cidr_block": "10.1.0.0/24",
            "customer_owned_ipv4_pool": "",
            "enable_dns64": false,
            "enable_lni_at_device_index": 0,
            "enable_resource_name_dns_a_record_on_launch": false,
            "enable_resource_name_dns_aaaa_record_on_launch": false,
            "id": "subnet-07f7f10c9c0dd12b2",
            "ipv6_cidr_block": "",
            "ipv6_cidr_block_association_id": "",
            "ipv6_native": false,
            "map_customer_owned_ip_on_launch": false,
            "map_public_ip_on_launch": true,
            "outpost_arn": "",
            "owner_id": "383376523323",
            "private_dns_hostname_type_on_launch": "ip-name",
            "tags": {
              "Name": "subnet1"
            },
            "tags_all": {
              "Name": "subnet1"
            },
            "timeouts": null,
            "vpc_id": "vpc-04c143d2ad65ab896"
          },
          "sensitive_attributes": [],
          "private": "eyJlMmJmYjczMC1lY2FhLTExZTYtOGY4OC0zNDM2M2JjN2M0YzAiOnsiY3JlYXRlIjo2MDAwMDAwMDAwMDAsImRlbGV0ZSI6MTIwMDAwMDAwMDAwMH0sInNjaGVtYV92ZXJzaW9uIjoiMSJ9",
          "dependencies": [
            "aws_vpc.main"
          ]
        }
      ]
    },
    {
      "mode": "managed",
      "type": "aws_vpc",
      "name": "main",
      "provider": "provider[\"registry.terraform.io/hashicorp/aws\"]",
      "instances": [
        {
          "status": "tainted",
          "schema_version": 1,
          "attributes": {
            "arn": "arn:aws:ec2:us-east-1:383376523323:vpc/vpc-04c143d2ad65ab896",
            "assign_generated_ipv6_cidr_block": false,
            "cidr_block": "10.1.0.0/16",
            "default_network_acl_id": "acl-01325c0ec5eaff9e1",
            "default_route_table_id": "rtb-083a614ed56d914e0",
            "default_security_group_id": "sg-089f17f8451605b47",
            "dhcp_options_id": "dopt-0c52ef27f2697abbc",
            "enable_dns_hostnames": true,
            "enable_dns_support": true,
            "enable_network_address_usage_metrics": false,
            "id": "vpc-04c143d2ad65ab896",
            "instance_tenancy": "default",
            "ipv4_ipam_pool_id": null,
            "ipv4_netmask_length": null,
            "ipv6_association_id": "",
            "ipv6_cidr_block": "",
            "ipv6_cidr_block_network_border_group": "",
            "ipv6_ipam_pool_id": "",
            "ipv6_netmask_length": 0,
            "main_route_table_id": "rtb-083a614ed56d914e0",
            "owner_id": "383376523323",
            "tags": {
              "Name": "main-vpc"
            },
            "tags_all": {
              "Name": "main-vpc"
            }
          },
          "sensitive_attributes": [],
          "private": "eyJzY2hlbWFfdmVyc2lvbiI6IjEifQ=="
        }
      ]
    },
    {
      "module": "module.coalfire-public-sg",
      "mode": "managed",
      "type": "aws_security_group",
      "name": "this",
      "provider": "provider[\"registry.terraform.io/hashicorp/aws\"]",
      "instances": [
        {
          "schema_version": 1,
          "attributes": {
            "arn": "arn:aws:ec2:us-east-1:383376523323:security-group/sg-0a864262d3e1c6ed1",
            "description": "Managed by Terraform",
            "egress": [],
            "id": "sg-0a864262d3e1c6ed1",
            "ingress": [],
            "name": "public_security_group_module_coalfire_sg",
            "name_prefix": "",
            "owner_id": "383376523323",
            "revoke_rules_on_delete": false,
            "tags": {},
            "tags_all": {},
            "timeouts": null,
            "vpc_id": "vpc-04c143d2ad65ab896"
          },
          "sensitive_attributes": [],
          "private": "eyJlMmJmYjczMC1lY2FhLTExZTYtOGY4OC0zNDM2M2JjN2M0YzAiOnsiY3JlYXRlIjo2MDAwMDAwMDAwMDAsImRlbGV0ZSI6OTAwMDAwMDAwMDAwfSwic2NoZW1hX3ZlcnNpb24iOiIxIn0=",
          "dependencies": [
            "aws_vpc.main"
          ]
        }
      ]
    },
    {
      "module": "module.coalfire_ec2",
      "mode": "data",
      "type": "aws_ec2_instance_type",
      "name": "this",
      "provider": "provider[\"registry.terraform.io/hashicorp/aws\"]",
      "instances": [
        {
          "schema_version": 0,
          "attributes": {
            "auto_recovery_supported": true,
            "bare_metal": false,
            "burstable_performance_supported": true,
            "current_generation": true,
            "dedicated_hosts_supported": false,
            "default_cores": 1,
            "default_threads_per_core": 1,
            "default_vcpus": 1,
            "ebs_encryption_support": "supported",
            "ebs_nvme_support": "unsupported",
            "ebs_optimized_support": "unsupported",
            "ebs_performance_baseline_bandwidth": null,
            "ebs_performance_baseline_iops": null,
            "ebs_performance_baseline_throughput": null,
            "ebs_performance_maximum_bandwidth": null,
            "ebs_performance_maximum_iops": null,
            "ebs_performance_maximum_throughput": null,
            "efa_supported": false,
            "ena_support": "unsupported",
            "encryption_in_transit_supported": false,
            "fpgas": [],
            "free_tier_eligible": true,
            "gpus": [],
            "hibernation_supported": true,
            "hypervisor": "xen",
            "id": "t2.micro",
            "inference_accelerators": [],
            "instance_disks": [],
            "instance_storage_supported": false,
            "instance_type": "t2.micro",
            "ipv6_supported": true,
            "maximum_ipv4_addresses_per_interface": 2,
            "maximum_ipv6_addresses_per_interface": 2,
            "maximum_network_cards": 1,
            "maximum_network_interfaces": 2,
            "memory_size": 1024,
            "network_performance": "Low to Moderate",
            "supported_architectures": [
              "i386",
              "x86_64"
            ],
            "supported_placement_strategies": [
              "partition",
              "spread"
            ],
            "supported_root_device_types": [
              "ebs"
            ],
            "supported_usages_classes": [
              "on-demand",
              "spot"
            ],
            "supported_virtualization_types": [
              "hvm"
            ],
            "sustained_clock_speed": 2.5,
            "timeouts": null,
            "total_fpga_memory": null,
            "total_gpu_memory": null,
            "total_instance_storage": null,
            "valid_cores": [],
            "valid_threads_per_core": []
          },
          "sensitive_attributes": []
        }
      ]
    },
    {
      "module": "module.coalfire_ec2",
      "mode": "data",
      "type": "aws_iam_policy",
      "name": "AmazonSSMManagedInstanceCore",
      "provider": "provider[\"registry.terraform.io/hashicorp/aws\"]",
      "instances": [
        {
          "schema_version": 0,
          "attributes": {
            "arn": "arn:aws:iam::aws:policy/AmazonSSMManagedInstanceCore",
            "attachment_count": 0,
            "description": "The policy for Amazon EC2 Role to enable AWS Systems Manager service core functionality.",
            "id": "arn:aws:iam::aws:policy/AmazonSSMManagedInstanceCore",
            "name": "AmazonSSMManagedInstanceCore",
            "path": "/",
            "path_prefix": null,
            "policy": "{\n    \"Version\": \"2012-10-17\",\n    \"Statement\": [\n        {\n            \"Effect\": \"Allow\",\n            \"Action\": [\n                \"ssm:DescribeAssociation\",\n                \"ssm:GetDeployablePatchSnapshotForInstance\",\n                \"ssm:GetDocument\",\n                \"ssm:DescribeDocument\",\n                \"ssm:GetManifest\",\n                \"ssm:GetParameter\",\n                \"ssm:GetParameters\",\n                \"ssm:ListAssociations\",\n                \"ssm:ListInstanceAssociations\",\n                \"ssm:PutInventory\",\n                \"ssm:PutComplianceItems\",\n                \"ssm:PutConfigurePackageResult\",\n                \"ssm:UpdateAssociationStatus\",\n                \"ssm:UpdateInstanceAssociationStatus\",\n                \"ssm:UpdateInstanceInformation\"\n            ],\n            \"Resource\": \"*\"\n        },\n        {\n            \"Effect\": \"Allow\",\n            \"Action\": [\n                \"ssmmessages:CreateControlChannel\",\n                \"ssmmessages:CreateDataChannel\",\n                \"ssmmessages:OpenControlChannel\",\n                \"ssmmessages:OpenDataChannel\"\n            ],\n            \"Resource\": \"*\"\n        },\n        {\n            \"Effect\": \"Allow\",\n            \"Action\": [\n                \"ec2messages:AcknowledgeMessage\",\n                \"ec2messages:DeleteMessage\",\n                \"ec2messages:FailMessage\",\n                \"ec2messages:GetEndpoint\",\n                \"ec2messages:GetMessages\",\n                \"ec2messages:SendReply\"\n            ],\n            \"Resource\": \"*\"\n        }\n    ]\n}",
            "policy_id": "ANPAIXSHM2BNB2D3AXXRU",
            "tags": {}
          },
          "sensitive_attributes": []
        }
      ]
    },
    {
      "module": "module.coalfire_ec2",
      "mode": "managed",
      "type": "aws_iam_instance_profile",
      "name": "this_profile",
      "provider": "provider[\"registry.terraform.io/hashicorp/aws\"]",
      "instances": []
    },
    {
      "module": "module.coalfire_ec2",
      "mode": "managed",
      "type": "aws_iam_role",
      "name": "this_role",
      "provider": "provider[\"registry.terraform.io/hashicorp/aws\"]",
      "instances": []
    }
  ],
  "check_results": [
    {
      "object_kind": "resource",
      "config_addr": "module.coalfire_ec2.aws_instance.this",
      "status": "unknown",
      "objects": [
        {
          "object_addr": "module.coalfire_ec2.aws_instance.this[0]",
          "status": "unknown"
        }
      ]
    },
    {
      "object_kind": "var",
      "config_addr": "module.coalfire_ec2.var.http_tokens",
      "status": "pass",
      "objects": [
        {
          "object_addr": "module.coalfire_ec2.var.http_tokens",
          "status": "pass"
        }
      ]
    }
  ]
}
